
Microsoft Visual Studio Solution File, Format Version 12.00
# Visual Studio 15
Project("{FAE04EC0-301F-11D3-BF4B-00C04F79EFBC}") = "Unity.Timeline", "Unity.Timeline.csproj", "{52BDDF13-196E-4556-4376-60039146E3CE}"
EndProject
Project("{FAE04EC0-301F-11D3-BF4B-00C04F79EFBC}") = "Unity.RenderPipelines.GPUDriven.Runtime", "Unity.RenderPipelines.GPUDriven.Runtime.csproj", "{8A5FBD2B-04EE-3D22-BBCC-5DBD1569AF0A}"
EndProject
Project("{FAE04EC0-301F-11D3-BF4B-00C04F79EFBC}") = "Unity.2D.Aseprite.Editor", "Unity.2D.Aseprite.Editor.csproj", "{ED87D1F5-7189-C4F4-759E-F2CBA7FB79A4}"
EndProject
Project("{FAE04EC0-301F-11D3-BF4B-00C04F79EFBC}") = "Unity.ShaderGraph.Editor", "Unity.ShaderGraph.Editor.csproj", "{1CF42151-8D87-1A54-BE4A-5EA9DF8D8912}"
EndProject
Project("{FAE04EC0-301F-11D3-BF4B-00C04F79EFBC}") = "Unity.PlasticSCM.Editor", "Unity.PlasticSCM.Editor.csproj", "{32B4C161-8776-0B43-6A98-43176D5F5586}"
EndProject
Project("{FAE04EC0-301F-11D3-BF4B-00C04F79EFBC}") = "Unity.RenderPipelines.Core.Runtime", "Unity.RenderPipelines.Core.Runtime.csproj", "{942D8B1F-4BD9-0873-894F-A299C8BC0A74}"
EndProject
Project("{FAE04EC0-301F-11D3-BF4B-00C04F79EFBC}") = "Unity.Mathematics", "Unity.Mathematics.csproj", "{14E36D24-7F58-5C02-8147-DE0E211CA3FB}"
EndProject
Project("{FAE04EC0-301F-11D3-BF4B-00C04F79EFBC}") = "Unity.Timeline.Editor", "Unity.Timeline.Editor.csproj", "{79BF5DED-89F5-01C8-B07E-C2372E4E66CC}"
EndProject
Project("{FAE04EC0-301F-11D3-BF4B-00C04F79EFBC}") = "Unity.Multiplayer.Center.Editor", "Unity.Multiplayer.Center.Editor.csproj", "{1612157A-36D5-57FC-E6EF-CA0346D1A0F8}"
EndProject
Project("{FAE04EC0-301F-11D3-BF4B-00C04F79EFBC}") = "Unity.RenderPipelines.Core.Editor", "Unity.RenderPipelines.Core.Editor.csproj", "{5A0404C9-6870-CBF6-9B0D-D321F9F0612D}"
EndProject
Project("{FAE04EC0-301F-11D3-BF4B-00C04F79EFBC}") = "Unity.Collections", "Unity.Collections.csproj", "{5F7F3DB8-2575-1CA5-D7C3-8BFBD67B36FF}"
EndProject
Project("{FAE04EC0-301F-11D3-BF4B-00C04F79EFBC}") = "UnityEngine.UI", "UnityEngine.UI.csproj", "{BD70AFA7-FB4E-0235-091A-A8F2CE249ADF}"
EndProject
Project("{FAE04EC0-301F-11D3-BF4B-00C04F79EFBC}") = "Unity.2D.IK.Runtime", "Unity.2D.IK.Runtime.csproj", "{A36836A7-F1D3-186A-F2D7-F7248CF2EE12}"
EndProject
Project("{FAE04EC0-301F-11D3-BF4B-00C04F79EFBC}") = "Unity.RenderPipelines.Universal.2D.Runtime", "Unity.RenderPipelines.Universal.2D.Runtime.csproj", "{1AFF04C7-1D3C-0F9C-AE88-91A877A60C5D}"
EndProject
Project("{FAE04EC0-301F-11D3-BF4B-00C04F79EFBC}") = "Unity.2D.Psdimporter.Editor", "Unity.2D.Psdimporter.Editor.csproj", "{BF3517DD-A97D-987E-9732-DA10A8B9290F}"
EndProject
Project("{FAE04EC0-301F-11D3-BF4B-00C04F79EFBC}") = "Unity.VisualScripting.Core.Editor", "Unity.VisualScripting.Core.Editor.csproj", "{A3F09C17-9D0A-7813-DD0B-1DBF56F92B22}"
EndProject
Project("{FAE04EC0-301F-11D3-BF4B-00C04F79EFBC}") = "Unity.RenderPipelines.Universal.Editor", "Unity.RenderPipelines.Universal.Editor.csproj", "{E9BD9B44-740B-08BE-37A6-EC02E7048650}"
EndProject
Project("{FAE04EC0-301F-11D3-BF4B-00C04F79EFBC}") = "Unity.PerformanceTesting.Editor", "Unity.PerformanceTesting.Editor.csproj", "{9FEB2BB9-8EED-EC3C-DFBF-96B9D2841473}"
EndProject
Project("{FAE04EC0-301F-11D3-BF4B-00C04F79EFBC}") = "UnityEngine.TestRunner", "UnityEngine.TestRunner.csproj", "{5B5C9D0F-09B1-36C9-F026-6E1F9BFF7F23}"
EndProject
Project("{FAE04EC0-301F-11D3-BF4B-00C04F79EFBC}") = "Unity.2D.Tilemap.Editor", "Unity.2D.Tilemap.Editor.csproj", "{0DCFB096-7FE4-1876-FA91-BD738EDBC05A}"
EndProject
Project("{FAE04EC0-301F-11D3-BF4B-00C04F79EFBC}") = "Unity.Burst", "Unity.Burst.csproj", "{7922050D-C54B-D99A-9ED4-6B7716ED1205}"
EndProject
Project("{FAE04EC0-301F-11D3-BF4B-00C04F79EFBC}") = "Unity.VisualScripting.Flow.Editor", "Unity.VisualScripting.Flow.Editor.csproj", "{0828F90E-C336-AA8C-710C-3F7074608010}"
EndProject
Project("{FAE04EC0-301F-11D3-BF4B-00C04F79EFBC}") = "Unity.2D.SpriteShape.Editor", "Unity.2D.SpriteShape.Editor.csproj", "{5201E456-4E45-19AC-4A91-6A1ED29E65F9}"
EndProject
Project("{FAE04EC0-301F-11D3-BF4B-00C04F79EFBC}") = "Unity.VisualStudio.Editor", "Unity.VisualStudio.Editor.csproj", "{EC315A8A-4B87-DE01-4EE8-0C2AD51B24FE}"
EndProject
Project("{FAE04EC0-301F-11D3-BF4B-00C04F79EFBC}") = "Unity.InputSystem", "Unity.InputSystem.csproj", "{BE93CFBA-6782-2009-B8FB-DB6EBE710BE6}"
EndProject
Project("{FAE04EC0-301F-11D3-BF4B-00C04F79EFBC}") = "PPv2URPConverters", "PPv2URPConverters.csproj", "{A205E926-B506-1C56-B6A1-A757F1A88F4C}"
EndProject
Project("{FAE04EC0-301F-11D3-BF4B-00C04F79EFBC}") = "Unity.2D.Animation.Editor", "Unity.2D.Animation.Editor.csproj", "{1AB66565-0DD0-BBAE-6EB0-805FBD3021F8}"
EndProject
Project("{FAE04EC0-301F-11D3-BF4B-00C04F79EFBC}") = "Unity.Searcher.Editor", "Unity.Searcher.Editor.csproj", "{8A4A1505-6261-24AA-0EC9-6F4E75760EC4}"
EndProject
Project("{FAE04EC0-301F-11D3-BF4B-00C04F79EFBC}") = "Unity.2D.SpriteShape.Runtime", "Unity.2D.SpriteShape.Runtime.csproj", "{35F34202-BC61-B51B-7B60-5CF8F4C55DA0}"
EndProject
Project("{FAE04EC0-301F-11D3-BF4B-00C04F79EFBC}") = "UnityEditor.TestRunner", "UnityEditor.TestRunner.csproj", "{A13C937B-A3AA-3A94-B3A1-9E79E8E6E718}"
EndProject
Project("{FAE04EC0-301F-11D3-BF4B-00C04F79EFBC}") = "Unity.VisualScripting.Core", "Unity.VisualScripting.Core.csproj", "{902AC125-FF9D-CC69-7EA6-3A40F948C64D}"
EndProject
Project("{FAE04EC0-301F-11D3-BF4B-00C04F79EFBC}") = "Unity.RenderPipelines.Universal.Runtime", "Unity.RenderPipelines.Universal.Runtime.csproj", "{6FA7E0BA-DC5E-785E-AD92-056B57427874}"
EndProject
Project("{FAE04EC0-301F-11D3-BF4B-00C04F79EFBC}") = "Unity.VisualScripting.State.Editor", "Unity.VisualScripting.State.Editor.csproj", "{8A9D5BC1-5196-3DC9-D8DE-EAE5BBD9A1A1}"
EndProject
Project("{FAE04EC0-301F-11D3-BF4B-00C04F79EFBC}") = "Unity.Burst.CodeGen", "Unity.Burst.CodeGen.csproj", "{C51E3740-A625-C266-C1F0-63C641F3AB12}"
EndProject
Project("{FAE04EC0-301F-11D3-BF4B-00C04F79EFBC}") = "Unity.VisualScripting.Flow", "Unity.VisualScripting.Flow.csproj", "{F4D39B5A-8B5B-3C62-D9D7-58A7A27033A0}"
EndProject
Project("{FAE04EC0-301F-11D3-BF4B-00C04F79EFBC}") = "Unity.PerformanceTesting", "Unity.PerformanceTesting.csproj", "{7CD63C46-8013-2F5D-10B7-8B6DAC8EB148}"
EndProject
Project("{FAE04EC0-301F-11D3-BF4B-00C04F79EFBC}") = "Unity.2D.Tilemap.Extras.Editor", "Unity.2D.Tilemap.Extras.Editor.csproj", "{FB3C4B1A-B620-E066-783C-CB861DF7BBD5}"
EndProject
Project("{FAE04EC0-301F-11D3-BF4B-00C04F79EFBC}") = "Unity.TextMeshPro", "Unity.TextMeshPro.csproj", "{0414E5C0-D159-06F9-E1AF-AE5BE174F4F3}"
EndProject
Project("{FAE04EC0-301F-11D3-BF4B-00C04F79EFBC}") = "Unity.TextMeshPro.Editor", "Unity.TextMeshPro.Editor.csproj", "{58D76F81-6936-9D0A-A07D-07CABBD86589}"
EndProject
Project("{FAE04EC0-301F-11D3-BF4B-00C04F79EFBC}") = "Unity.Rendering.LightTransport.Runtime", "Unity.Rendering.LightTransport.Runtime.csproj", "{35787258-A19D-D20B-7082-F5312F3E28F7}"
EndProject
Project("{FAE04EC0-301F-11D3-BF4B-00C04F79EFBC}") = "PsdPlugin", "PsdPlugin.csproj", "{44801E8B-8583-11AF-3340-33F27BA25022}"
EndProject
Project("{FAE04EC0-301F-11D3-BF4B-00C04F79EFBC}") = "Unity.2D.IK.Editor", "Unity.2D.IK.Editor.csproj", "{52A2E32F-50E0-DE86-9299-E3AC21472D47}"
EndProject
Project("{FAE04EC0-301F-11D3-BF4B-00C04F79EFBC}") = "Unity.InternalAPIEngineBridge.001", "Unity.InternalAPIEngineBridge.001.csproj", "{D8D5FFF6-611F-01EE-114C-828EADF92E38}"
EndProject
Project("{FAE04EC0-301F-11D3-BF4B-00C04F79EFBC}") = "Unity.2D.Aseprite.Common", "Unity.2D.Aseprite.Common.csproj", "{8BD3C474-EFEF-D722-C1E9-FB5826A13493}"
EndProject
Project("{FAE04EC0-301F-11D3-BF4B-00C04F79EFBC}") = "Unity.Burst.Editor", "Unity.Burst.Editor.csproj", "{E661835B-F34F-2EAD-6A34-314C088F4426}"
EndProject
Project("{FAE04EC0-301F-11D3-BF4B-00C04F79EFBC}") = "Unity.2D.Common.Path.Editor", "Unity.2D.Common.Path.Editor.csproj", "{D98B75A9-89FA-77A5-B470-B7E0341E0C47}"
EndProject
Project("{FAE04EC0-301F-11D3-BF4B-00C04F79EFBC}") = "Unity.2D.Common.Editor", "Unity.2D.Common.Editor.csproj", "{F8163C7F-8549-5C32-071D-169AAA0B4A38}"
EndProject
Project("{FAE04EC0-301F-11D3-BF4B-00C04F79EFBC}") = "Unity.Rider.Editor", "Unity.Rider.Editor.csproj", "{1DBC6340-6204-36CB-5C3C-1B92BCF14684}"
EndProject
Project("{FAE04EC0-301F-11D3-BF4B-00C04F79EFBC}") = "Unity.VisualScripting.State", "Unity.VisualScripting.State.csproj", "{6BCE7708-6AB6-5770-F32D-FF2808949D67}"
EndProject
Project("{FAE04EC0-301F-11D3-BF4B-00C04F79EFBC}") = "Unity.InternalAPIEditorBridge.001", "Unity.InternalAPIEditorBridge.001.csproj", "{1A213724-E994-3374-C293-DF7192B81B36}"
EndProject
Project("{FAE04EC0-301F-11D3-BF4B-00C04F79EFBC}") = "Assembly-CSharp", "Assembly-CSharp.csproj", "{46F1DA7F-5AC7-DF55-63D4-EC4ACFCC6242}"
EndProject
Project("{FAE04EC0-301F-11D3-BF4B-00C04F79EFBC}") = "UnityEditor.UI", "UnityEditor.UI.csproj", "{0BC461E2-09DC-71E4-DBF8-4D76B36A1779}"
EndProject
Project("{FAE04EC0-301F-11D3-BF4B-00C04F79EFBC}") = "Unity.2D.PixelPerfect.Editor", "Unity.2D.PixelPerfect.Editor.csproj", "{DF535CB7-7102-C824-B623-C0892CCDEE9E}"
EndProject
Project("{FAE04EC0-301F-11D3-BF4B-00C04F79EFBC}") = "Unity.2D.Sprite.Editor", "Unity.2D.Sprite.Editor.csproj", "{19BEB83F-8E72-4661-2F9E-0C0E93A63C68}"
EndProject
Project("{FAE04EC0-301F-11D3-BF4B-00C04F79EFBC}") = "Unity.Multiplayer.Center.Common", "Unity.Multiplayer.Center.Common.csproj", "{6DA0487A-A98E-CD4F-5251-7B93CD134817}"
EndProject
Project("{FAE04EC0-301F-11D3-BF4B-00C04F79EFBC}") = "Unity.InputSystem.ForUI", "Unity.InputSystem.ForUI.csproj", "{936B6776-DF72-7B8A-E7A5-B00480FBED4C}"
EndProject
Project("{FAE04EC0-301F-11D3-BF4B-00C04F79EFBC}") = "Unity.Collections.CodeGen", "Unity.Collections.CodeGen.csproj", "{AC4E2D54-6F84-4BAD-95E8-1F83FFA1CE56}"
EndProject
Project("{FAE04EC0-301F-11D3-BF4B-00C04F79EFBC}") = "Unity.2D.Tilemap.Extras", "Unity.2D.Tilemap.Extras.csproj", "{ADDE8FF3-B5F7-1A66-5F0A-960F6CB659E9}"
EndProject
Project("{FAE04EC0-301F-11D3-BF4B-00C04F79EFBC}") = "Unity.2D.Animation.Runtime", "Unity.2D.Animation.Runtime.csproj", "{F31C5C43-6F12-C30E-F685-72471F7A20C1}"
EndProject
Project("{FAE04EC0-301F-11D3-BF4B-00C04F79EFBC}") = "Unity.Mathematics.Editor", "Unity.Mathematics.Editor.csproj", "{F8768D2E-7A4D-6DD9-FE45-CCA54460D4AC}"
EndProject
Project("{FAE04EC0-301F-11D3-BF4B-00C04F79EFBC}") = "Unity.VisualScripting.SettingsProvider.Editor", "Unity.VisualScripting.SettingsProvider.Editor.csproj", "{47B453CB-3ACC-0461-4F10-C6E8147D108F}"
EndProject
Project("{FAE04EC0-301F-11D3-BF4B-00C04F79EFBC}") = "Unity.InputSystem.TestFramework", "Unity.InputSystem.TestFramework.csproj", "{4203ACFA-07A6-B06E-FAB4-449E6E36DF26}"
EndProject
Project("{FAE04EC0-301F-11D3-BF4B-00C04F79EFBC}") = "Unity.ShaderGraph.Utilities", "Unity.ShaderGraph.Utilities.csproj", "{06A5A79C-6739-C930-8A3C-6CE4C6BA5867}"
EndProject
Project("{FAE04EC0-301F-11D3-BF4B-00C04F79EFBC}") = "Unity.VisualScripting.Shared.Editor", "Unity.VisualScripting.Shared.Editor.csproj", "{2419B3C0-14FA-4B69-C1D1-19CD2265EE18}"
EndProject
Project("{FAE04EC0-301F-11D3-BF4B-00C04F79EFBC}") = "Unity.RenderPipeline.Universal.ShaderLibrary", "Unity.RenderPipeline.Universal.ShaderLibrary.csproj", "{21461347-F53B-0F10-AAD9-A921BA40B041}"
EndProject
Project("{FAE04EC0-301F-11D3-BF4B-00C04F79EFBC}") = "Unity.2D.Common.Runtime", "Unity.2D.Common.Runtime.csproj", "{0517DBDB-C287-AAEB-4A17-FE0BD0B92160}"
EndProject
Project("{FAE04EC0-301F-11D3-BF4B-00C04F79EFBC}") = "Unity.2D.PixelPerfect", "Unity.2D.PixelPerfect.csproj", "{26B92B05-4B6A-0652-9533-C8C47FC2F579}"
EndProject
Project("{FAE04EC0-301F-11D3-BF4B-00C04F79EFBC}") = "Unity.CollabProxy.Editor", "Unity.CollabProxy.Editor.csproj", "{414A57DE-40F2-5675-773E-6FCED5D5AD38}"
EndProject
Project("{FAE04EC0-301F-11D3-BF4B-00C04F79EFBC}") = "Unity.Rendering.LightTransport.Editor", "Unity.Rendering.LightTransport.Editor.csproj", "{A3283CCB-F7DE-5935-C5D1-3CF411B0A67B}"
EndProject
Project("{FAE04EC0-301F-11D3-BF4B-00C04F79EFBC}") = "Unity.RenderPipelines.Universal.Shaders", "Unity.RenderPipelines.Universal.Shaders.csproj", "{6A538B5A-BFB1-FC48-B8A1-0E38FC5357FB}"
EndProject
Project("{FAE04EC0-301F-11D3-BF4B-00C04F79EFBC}") = "Unity.RenderPipelines.Core.Runtime.Shared", "Unity.RenderPipelines.Core.Runtime.Shared.csproj", "{BFA20ACF-CD5F-D433-2AC9-D1C5AFD56E2E}"
EndProject
Project("{FAE04EC0-301F-11D3-BF4B-00C04F79EFBC}") = "ScriptablePacker", "ScriptablePacker.csproj", "{EAF91B35-7019-20FB-03BE-D299159D5EBB}"
EndProject
Project("{FAE04EC0-301F-11D3-BF4B-00C04F79EFBC}") = "Unity.Collections.Editor", "Unity.Collections.Editor.csproj", "{C7BCC43C-34B4-C222-B392-D26B8A2A5C20}"
EndProject
Project("{FAE04EC0-301F-11D3-BF4B-00C04F79EFBC}") = "Unity.RenderPipelines.Universal.Config.Runtime", "Unity.RenderPipelines.Universal.Config.Runtime.csproj", "{DD7EB5A2-D167-E55C-0F99-329EBDA0FC25}"
EndProject
Project("{FAE04EC0-301F-11D3-BF4B-00C04F79EFBC}") = "Unity.RenderPipelines.ShaderGraph.ShaderGraphLibrary", "Unity.RenderPipelines.ShaderGraph.ShaderGraphLibrary.csproj", "{FACAFC35-307A-A4F6-C8A1-5F126C4E2484}"
EndProject
Project("{FAE04EC0-301F-11D3-BF4B-00C04F79EFBC}") = "Unity.RenderPipelines.Core.ShaderLibrary", "Unity.RenderPipelines.Core.ShaderLibrary.csproj", "{E221A1F2-89D2-BB0A-B102-D136216818DD}"
EndProject
Project("{FAE04EC0-301F-11D3-BF4B-00C04F79EFBC}") = "Unity.RenderPipelines.Core.Editor.Shared", "Unity.RenderPipelines.Core.Editor.Shared.csproj", "{81ABDE82-198F-EFE5-3CFB-C44EE155F0B7}"
EndProject
Project("{FAE04EC0-301F-11D3-BF4B-00C04F79EFBC}") = "Unity.Timeline", "Unity.Timeline.Player.csproj", "{D7CD99E9-7994-0AAE-B7E3-2AABE9BCC751}"
EndProject
Project("{FAE04EC0-301F-11D3-BF4B-00C04F79EFBC}") = "Unity.RenderPipelines.GPUDriven.Runtime", "Unity.RenderPipelines.GPUDriven.Runtime.Player.csproj", "{FBB8F470-E9F9-E925-7BEB-98292CE14BA4}"
EndProject
Project("{FAE04EC0-301F-11D3-BF4B-00C04F79EFBC}") = "Unity.RenderPipelines.Core.Runtime", "Unity.RenderPipelines.Core.Runtime.Player.csproj", "{C94BCD1D-4909-22BB-D3DD-17AE49450C50}"
EndProject
Project("{FAE04EC0-301F-11D3-BF4B-00C04F79EFBC}") = "Unity.Mathematics", "Unity.Mathematics.Player.csproj", "{9DF094B5-4E36-1CE9-5EA5-E21646A03202}"
EndProject
Project("{FAE04EC0-301F-11D3-BF4B-00C04F79EFBC}") = "Unity.Collections", "Unity.Collections.Player.csproj", "{824713AD-5354-6A73-6134-4F0294F8F252}"
EndProject
Project("{FAE04EC0-301F-11D3-BF4B-00C04F79EFBC}") = "UnityEngine.UI", "UnityEngine.UI.Player.csproj", "{CF82C403-5E34-37A1-D882-266DA37D13D9}"
EndProject
Project("{FAE04EC0-301F-11D3-BF4B-00C04F79EFBC}") = "Unity.2D.IK.Runtime", "Unity.2D.IK.Runtime.Player.csproj", "{BFAA18D1-3392-99CE-0DDF-422E7C0CBB11}"
EndProject
Project("{FAE04EC0-301F-11D3-BF4B-00C04F79EFBC}") = "Unity.RenderPipelines.Universal.2D.Runtime", "Unity.RenderPipelines.Universal.2D.Runtime.Player.csproj", "{35F99265-6E50-848A-F019-EA5A71723D03}"
EndProject
Project("{FAE04EC0-301F-11D3-BF4B-00C04F79EFBC}") = "UnityEngine.TestRunner", "UnityEngine.TestRunner.Player.csproj", "{FBA3DFDD-A4AA-6A62-4CC4-5CEAFF72D987}"
EndProject
Project("{FAE04EC0-301F-11D3-BF4B-00C04F79EFBC}") = "Unity.Burst", "Unity.Burst.Player.csproj", "{EAA31D2A-E8CB-AD17-ABEE-BB8641AA351B}"
EndProject
Project("{FAE04EC0-301F-11D3-BF4B-00C04F79EFBC}") = "Unity.InputSystem", "Unity.InputSystem.Player.csproj", "{0AFC6497-2CE1-1C9F-8FE7-9DDFD7BAB3C8}"
EndProject
Project("{FAE04EC0-301F-11D3-BF4B-00C04F79EFBC}") = "Unity.2D.SpriteShape.Runtime", "Unity.2D.SpriteShape.Runtime.Player.csproj", "{6CB7CAF0-6BCE-9C61-5573-2E11480290C6}"
EndProject
Project("{FAE04EC0-301F-11D3-BF4B-00C04F79EFBC}") = "Unity.VisualScripting.Core", "Unity.VisualScripting.Core.Player.csproj", "{60F431FE-97A7-8A89-18D4-F0EB805A4B83}"
EndProject
Project("{FAE04EC0-301F-11D3-BF4B-00C04F79EFBC}") = "Unity.RenderPipelines.Universal.Runtime", "Unity.RenderPipelines.Universal.Runtime.Player.csproj", "{BDB4FD64-CEEB-F9D9-B524-A6AE3DD43327}"
EndProject
Project("{FAE04EC0-301F-11D3-BF4B-00C04F79EFBC}") = "Unity.VisualScripting.Flow", "Unity.VisualScripting.Flow.Player.csproj", "{5161B2BD-0810-B699-7E5F-90EC04737BB1}"
EndProject
Project("{FAE04EC0-301F-11D3-BF4B-00C04F79EFBC}") = "Unity.PerformanceTesting", "Unity.PerformanceTesting.Player.csproj", "{CB5082FC-6CC1-3570-5BAA-1E89E5A7DAFF}"
EndProject
Project("{FAE04EC0-301F-11D3-BF4B-00C04F79EFBC}") = "Unity.TextMeshPro", "Unity.TextMeshPro.Player.csproj", "{5498913E-27F2-E0AA-121A-C92A64706186}"
EndProject
Project("{FAE04EC0-301F-11D3-BF4B-00C04F79EFBC}") = "Unity.Rendering.LightTransport.Runtime", "Unity.Rendering.LightTransport.Runtime.Player.csproj", "{07A6E673-D849-A436-26A8-C5A8F06C1E33}"
EndProject
Project("{FAE04EC0-301F-11D3-BF4B-00C04F79EFBC}") = "Unity.InternalAPIEngineBridge.001", "Unity.InternalAPIEngineBridge.001.Player.csproj", "{FA2FC0E8-3112-86FE-6F16-20820C0C8139}"
EndProject
Project("{FAE04EC0-301F-11D3-BF4B-00C04F79EFBC}") = "Unity.VisualScripting.State", "Unity.VisualScripting.State.Player.csproj", "{06792F31-EDA1-31E5-46AA-F10F3C7FAA6C}"
EndProject
Project("{FAE04EC0-301F-11D3-BF4B-00C04F79EFBC}") = "Assembly-CSharp", "Assembly-CSharp.Player.csproj", "{AE1D45B9-FCDA-AE5F-B78D-D84B0CBA0A0D}"
EndProject
Project("{FAE04EC0-301F-11D3-BF4B-00C04F79EFBC}") = "Unity.Multiplayer.Center.Common", "Unity.Multiplayer.Center.Common.Player.csproj", "{98DBA5C1-D42A-0BED-E67F-FF480E99F982}"
EndProject
Project("{FAE04EC0-301F-11D3-BF4B-00C04F79EFBC}") = "Unity.InputSystem.ForUI", "Unity.InputSystem.ForUI.Player.csproj", "{3EE4A2AA-9477-94C6-A38B-B448D978781D}"
EndProject
Project("{FAE04EC0-301F-11D3-BF4B-00C04F79EFBC}") = "Unity.2D.Tilemap.Extras", "Unity.2D.Tilemap.Extras.Player.csproj", "{9EEAA7BE-FDDF-771E-677B-E285115ABF03}"
EndProject
Project("{FAE04EC0-301F-11D3-BF4B-00C04F79EFBC}") = "Unity.2D.Animation.Runtime", "Unity.2D.Animation.Runtime.Player.csproj", "{7FE20505-20D2-F9BD-3EBB-4BFA464B4996}"
EndProject
Project("{FAE04EC0-301F-11D3-BF4B-00C04F79EFBC}") = "Unity.InputSystem.TestFramework", "Unity.InputSystem.TestFramework.Player.csproj", "{08EDD147-B5B3-6CC4-D5B0-7ACD8E517F00}"
EndProject
Project("{FAE04EC0-301F-11D3-BF4B-00C04F79EFBC}") = "Unity.RenderPipeline.Universal.ShaderLibrary", "Unity.RenderPipeline.Universal.ShaderLibrary.Player.csproj", "{E1A3CA5B-299B-15CE-C2D9-C681123F4F0E}"
EndProject
Project("{FAE04EC0-301F-11D3-BF4B-00C04F79EFBC}") = "Unity.2D.Common.Runtime", "Unity.2D.Common.Runtime.Player.csproj", "{A34C1AEB-ABCA-AE14-FAEA-8EC70521CAD8}"
EndProject
Project("{FAE04EC0-301F-11D3-BF4B-00C04F79EFBC}") = "Unity.2D.PixelPerfect", "Unity.2D.PixelPerfect.Player.csproj", "{59E67817-BBC1-0F48-5045-86A0648DE20B}"
EndProject
Project("{FAE04EC0-301F-11D3-BF4B-00C04F79EFBC}") = "Unity.RenderPipelines.Universal.Shaders", "Unity.RenderPipelines.Universal.Shaders.Player.csproj", "{CE8B3B0D-6854-9E3C-BFF8-D51132F5A354}"
EndProject
Project("{FAE04EC0-301F-11D3-BF4B-00C04F79EFBC}") = "Unity.RenderPipelines.Core.Runtime.Shared", "Unity.RenderPipelines.Core.Runtime.Shared.Player.csproj", "{128F9303-E662-6154-B62B-E2D27514D00C}"
EndProject
Project("{FAE04EC0-301F-11D3-BF4B-00C04F79EFBC}") = "Unity.RenderPipelines.Universal.Config.Runtime", "Unity.RenderPipelines.Universal.Config.Runtime.Player.csproj", "{F23AE60A-B598-DE49-5B79-6B7869909B96}"
EndProject
Project("{FAE04EC0-301F-11D3-BF4B-00C04F79EFBC}") = "Unity.RenderPipelines.ShaderGraph.ShaderGraphLibrary", "Unity.RenderPipelines.ShaderGraph.ShaderGraphLibrary.Player.csproj", "{C7D9F81D-3585-1690-A12F-E162D0712709}"
EndProject
Project("{FAE04EC0-301F-11D3-BF4B-00C04F79EFBC}") = "Unity.RenderPipelines.Core.ShaderLibrary", "Unity.RenderPipelines.Core.ShaderLibrary.Player.csproj", "{6A816861-3505-B6FA-2FB4-5D405E800FB6}"
EndProject
Global
	GlobalSection(SolutionConfigurationPlatforms) = preSolution
		Debug|Any CPU = Debug|Any CPU
		Release|Any CPU = Release|Any CPU
	EndGlobalSection
	GlobalSection(ProjectConfigurationPlatforms) = postSolution
		{52BDDF13-196E-4556-4376-60039146E3CE}.Debug|Any CPU.ActiveCfg = Debug|Any CPU
		{52BDDF13-196E-4556-4376-60039146E3CE}.Debug|Any CPU.Build.0 = Debug|Any CPU
		{52BDDF13-196E-4556-4376-60039146E3CE}.Release|Any CPU.ActiveCfg = Release|Any CPU
		{52BDDF13-196E-4556-4376-60039146E3CE}.Release|Any CPU.Build.0 = Release|Any CPU
		{8A5FBD2B-04EE-3D22-BBCC-5DBD1569AF0A}.Debug|Any CPU.ActiveCfg = Debug|Any CPU
		{8A5FBD2B-04EE-3D22-BBCC-5DBD1569AF0A}.Debug|Any CPU.Build.0 = Debug|Any CPU
		{8A5FBD2B-04EE-3D22-BBCC-5DBD1569AF0A}.Release|Any CPU.ActiveCfg = Release|Any CPU
		{8A5FBD2B-04EE-3D22-BBCC-5DBD1569AF0A}.Release|Any CPU.Build.0 = Release|Any CPU
		{ED87D1F5-7189-C4F4-759E-F2CBA7FB79A4}.Debug|Any CPU.ActiveCfg = Debug|Any CPU
		{ED87D1F5-7189-C4F4-759E-F2CBA7FB79A4}.Debug|Any CPU.Build.0 = Debug|Any CPU
		{ED87D1F5-7189-C4F4-759E-F2CBA7FB79A4}.Release|Any CPU.ActiveCfg = Release|Any CPU
		{ED87D1F5-7189-C4F4-759E-F2CBA7FB79A4}.Release|Any CPU.Build.0 = Release|Any CPU
		{1CF42151-8D87-1A54-BE4A-5EA9DF8D8912}.Debug|Any CPU.ActiveCfg = Debug|Any CPU
		{1CF42151-8D87-1A54-BE4A-5EA9DF8D8912}.Debug|Any CPU.Build.0 = Debug|Any CPU
		{1CF42151-8D87-1A54-BE4A-5EA9DF8D8912}.Release|Any CPU.ActiveCfg = Release|Any CPU
		{1CF42151-8D87-1A54-BE4A-5EA9DF8D8912}.Release|Any CPU.Build.0 = Release|Any CPU
		{32B4C161-8776-0B43-6A98-43176D5F5586}.Debug|Any CPU.ActiveCfg = Debug|Any CPU
		{32B4C161-8776-0B43-6A98-43176D5F5586}.Debug|Any CPU.Build.0 = Debug|Any CPU
		{32B4C161-8776-0B43-6A98-43176D5F5586}.Release|Any CPU.ActiveCfg = Release|Any CPU
		{32B4C161-8776-0B43-6A98-43176D5F5586}.Release|Any CPU.Build.0 = Release|Any CPU
		{942D8B1F-4BD9-0873-894F-A299C8BC0A74}.Debug|Any CPU.ActiveCfg = Debug|Any CPU
		{942D8B1F-4BD9-0873-894F-A299C8BC0A74}.Debug|Any CPU.Build.0 = Debug|Any CPU
		{942D8B1F-4BD9-0873-894F-A299C8BC0A74}.Release|Any CPU.ActiveCfg = Release|Any CPU
		{942D8B1F-4BD9-0873-894F-A299C8BC0A74}.Release|Any CPU.Build.0 = Release|Any CPU
		{14E36D24-7F58-5C02-8147-DE0E211CA3FB}.Debug|Any CPU.ActiveCfg = Debug|Any CPU
		{14E36D24-7F58-5C02-8147-DE0E211CA3FB}.Debug|Any CPU.Build.0 = Debug|Any CPU
		{14E36D24-7F58-5C02-8147-DE0E211CA3FB}.Release|Any CPU.ActiveCfg = Release|Any CPU
		{14E36D24-7F58-5C02-8147-DE0E211CA3FB}.Release|Any CPU.Build.0 = Release|Any CPU
		{79BF5DED-89F5-01C8-B07E-C2372E4E66CC}.Debug|Any CPU.ActiveCfg = Debug|Any CPU
		{79BF5DED-89F5-01C8-B07E-C2372E4E66CC}.Debug|Any CPU.Build.0 = Debug|Any CPU
		{79BF5DED-89F5-01C8-B07E-C2372E4E66CC}.Release|Any CPU.ActiveCfg = Release|Any CPU
		{79BF5DED-89F5-01C8-B07E-C2372E4E66CC}.Release|Any CPU.Build.0 = Release|Any CPU
		{1612157A-36D5-57FC-E6EF-CA0346D1A0F8}.Debug|Any CPU.ActiveCfg = Debug|Any CPU
		{1612157A-36D5-57FC-E6EF-CA0346D1A0F8}.Debug|Any CPU.Build.0 = Debug|Any CPU
		{1612157A-36D5-57FC-E6EF-CA0346D1A0F8}.Release|Any CPU.ActiveCfg = Release|Any CPU
		{1612157A-36D5-57FC-E6EF-CA0346D1A0F8}.Release|Any CPU.Build.0 = Release|Any CPU
		{5A0404C9-6870-CBF6-9B0D-D321F9F0612D}.Debug|Any CPU.ActiveCfg = Debug|Any CPU
		{5A0404C9-6870-CBF6-9B0D-D321F9F0612D}.Debug|Any CPU.Build.0 = Debug|Any CPU
		{5A0404C9-6870-CBF6-9B0D-D321F9F0612D}.Release|Any CPU.ActiveCfg = Release|Any CPU
		{5A0404C9-6870-CBF6-9B0D-D321F9F0612D}.Release|Any CPU.Build.0 = Release|Any CPU
		{5F7F3DB8-2575-1CA5-D7C3-8BFBD67B36FF}.Debug|Any CPU.ActiveCfg = Debug|Any CPU
		{5F7F3DB8-2575-1CA5-D7C3-8BFBD67B36FF}.Debug|Any CPU.Build.0 = Debug|Any CPU
		{5F7F3DB8-2575-1CA5-D7C3-8BFBD67B36FF}.Release|Any CPU.ActiveCfg = Release|Any CPU
		{5F7F3DB8-2575-1CA5-D7C3-8BFBD67B36FF}.Release|Any CPU.Build.0 = Release|Any CPU
		{BD70AFA7-FB4E-0235-091A-A8F2CE249ADF}.Debug|Any CPU.ActiveCfg = Debug|Any CPU
		{BD70AFA7-FB4E-0235-091A-A8F2CE249ADF}.Debug|Any CPU.Build.0 = Debug|Any CPU
		{BD70AFA7-FB4E-0235-091A-A8F2CE249ADF}.Release|Any CPU.ActiveCfg = Release|Any CPU
		{BD70AFA7-FB4E-0235-091A-A8F2CE249ADF}.Release|Any CPU.Build.0 = Release|Any CPU
		{A36836A7-F1D3-186A-F2D7-F7248CF2EE12}.Debug|Any CPU.ActiveCfg = Debug|Any CPU
		{A36836A7-F1D3-186A-F2D7-F7248CF2EE12}.Debug|Any CPU.Build.0 = Debug|Any CPU
		{A36836A7-F1D3-186A-F2D7-F7248CF2EE12}.Release|Any CPU.ActiveCfg = Release|Any CPU
		{A36836A7-F1D3-186A-F2D7-F7248CF2EE12}.Release|Any CPU.Build.0 = Release|Any CPU
		{1AFF04C7-1D3C-0F9C-AE88-91A877A60C5D}.Debug|Any CPU.ActiveCfg = Debug|Any CPU
		{1AFF04C7-1D3C-0F9C-AE88-91A877A60C5D}.Debug|Any CPU.Build.0 = Debug|Any CPU
		{1AFF04C7-1D3C-0F9C-AE88-91A877A60C5D}.Release|Any CPU.ActiveCfg = Release|Any CPU
		{1AFF04C7-1D3C-0F9C-AE88-91A877A60C5D}.Release|Any CPU.Build.0 = Release|Any CPU
		{BF3517DD-A97D-987E-9732-DA10A8B9290F}.Debug|Any CPU.ActiveCfg = Debug|Any CPU
		{BF3517DD-A97D-987E-9732-DA10A8B9290F}.Debug|Any CPU.Build.0 = Debug|Any CPU
		{BF3517DD-A97D-987E-9732-DA10A8B9290F}.Release|Any CPU.ActiveCfg = Release|Any CPU
		{BF3517DD-A97D-987E-9732-DA10A8B9290F}.Release|Any CPU.Build.0 = Release|Any CPU
		{A3F09C17-9D0A-7813-DD0B-1DBF56F92B22}.Debug|Any CPU.ActiveCfg = Debug|Any CPU
		{A3F09C17-9D0A-7813-DD0B-1DBF56F92B22}.Debug|Any CPU.Build.0 = Debug|Any CPU
		{A3F09C17-9D0A-7813-DD0B-1DBF56F92B22}.Release|Any CPU.ActiveCfg = Release|Any CPU
		{A3F09C17-9D0A-7813-DD0B-1DBF56F92B22}.Release|Any CPU.Build.0 = Release|Any CPU
		{E9BD9B44-740B-08BE-37A6-EC02E7048650}.Debug|Any CPU.ActiveCfg = Debug|Any CPU
		{E9BD9B44-740B-08BE-37A6-EC02E7048650}.Debug|Any CPU.Build.0 = Debug|Any CPU
		{E9BD9B44-740B-08BE-37A6-EC02E7048650}.Release|Any CPU.ActiveCfg = Release|Any CPU
		{E9BD9B44-740B-08BE-37A6-EC02E7048650}.Release|Any CPU.Build.0 = Release|Any CPU
		{9FEB2BB9-8EED-EC3C-DFBF-96B9D2841473}.Debug|Any CPU.ActiveCfg = Debug|Any CPU
		{9FEB2BB9-8EED-EC3C-DFBF-96B9D2841473}.Debug|Any CPU.Build.0 = Debug|Any CPU
		{9FEB2BB9-8EED-EC3C-DFBF-96B9D2841473}.Release|Any CPU.ActiveCfg = Release|Any CPU
		{9FEB2BB9-8EED-EC3C-DFBF-96B9D2841473}.Release|Any CPU.Build.0 = Release|Any CPU
		{5B5C9D0F-09B1-36C9-F026-6E1F9BFF7F23}.Debug|Any CPU.ActiveCfg = Debug|Any CPU
		{5B5C9D0F-09B1-36C9-F026-6E1F9BFF7F23}.Debug|Any CPU.Build.0 = Debug|Any CPU
		{5B5C9D0F-09B1-36C9-F026-6E1F9BFF7F23}.Release|Any CPU.ActiveCfg = Release|Any CPU
		{5B5C9D0F-09B1-36C9-F026-6E1F9BFF7F23}.Release|Any CPU.Build.0 = Release|Any CPU
		{0DCFB096-7FE4-1876-FA91-BD738EDBC05A}.Debug|Any CPU.ActiveCfg = Debug|Any CPU
		{0DCFB096-7FE4-1876-FA91-BD738EDBC05A}.Debug|Any CPU.Build.0 = Debug|Any CPU
		{0DCFB096-7FE4-1876-FA91-BD738EDBC05A}.Release|Any CPU.ActiveCfg = Release|Any CPU
		{0DCFB096-7FE4-1876-FA91-BD738EDBC05A}.Release|Any CPU.Build.0 = Release|Any CPU
		{7922050D-C54B-D99A-9ED4-6B7716ED1205}.Debug|Any CPU.ActiveCfg = Debug|Any CPU
		{7922050D-C54B-D99A-9ED4-6B7716ED1205}.Debug|Any CPU.Build.0 = Debug|Any CPU
		{7922050D-C54B-D99A-9ED4-6B7716ED1205}.Release|Any CPU.ActiveCfg = Release|Any CPU
		{7922050D-C54B-D99A-9ED4-6B7716ED1205}.Release|Any CPU.Build.0 = Release|Any CPU
		{0828F90E-C336-AA8C-710C-3F7074608010}.Debug|Any CPU.ActiveCfg = Debug|Any CPU
		{0828F90E-C336-AA8C-710C-3F7074608010}.Debug|Any CPU.Build.0 = Debug|Any CPU
		{0828F90E-C336-AA8C-710C-3F7074608010}.Release|Any CPU.ActiveCfg = Release|Any CPU
		{0828F90E-C336-AA8C-710C-3F7074608010}.Release|Any CPU.Build.0 = Release|Any CPU
		{5201E456-4E45-19AC-4A91-6A1ED29E65F9}.Debug|Any CPU.ActiveCfg = Debug|Any CPU
		{5201E456-4E45-19AC-4A91-6A1ED29E65F9}.Debug|Any CPU.Build.0 = Debug|Any CPU
		{5201E456-4E45-19AC-4A91-6A1ED29E65F9}.Release|Any CPU.ActiveCfg = Release|Any CPU
		{5201E456-4E45-19AC-4A91-6A1ED29E65F9}.Release|Any CPU.Build.0 = Release|Any CPU
		{EC315A8A-4B87-DE01-4EE8-0C2AD51B24FE}.Debug|Any CPU.ActiveCfg = Debug|Any CPU
		{EC315A8A-4B87-DE01-4EE8-0C2AD51B24FE}.Debug|Any CPU.Build.0 = Debug|Any CPU
		{EC315A8A-4B87-DE01-4EE8-0C2AD51B24FE}.Release|Any CPU.ActiveCfg = Release|Any CPU
		{EC315A8A-4B87-DE01-4EE8-0C2AD51B24FE}.Release|Any CPU.Build.0 = Release|Any CPU
		{BE93CFBA-6782-2009-B8FB-DB6EBE710BE6}.Debug|Any CPU.ActiveCfg = Debug|Any CPU
		{BE93CFBA-6782-2009-B8FB-DB6EBE710BE6}.Debug|Any CPU.Build.0 = Debug|Any CPU
		{BE93CFBA-6782-2009-B8FB-DB6EBE710BE6}.Release|Any CPU.ActiveCfg = Release|Any CPU
		{BE93CFBA-6782-2009-B8FB-DB6EBE710BE6}.Release|Any CPU.Build.0 = Release|Any CPU
		{A205E926-B506-1C56-B6A1-A757F1A88F4C}.Debug|Any CPU.ActiveCfg = Debug|Any CPU
		{A205E926-B506-1C56-B6A1-A757F1A88F4C}.Debug|Any CPU.Build.0 = Debug|Any CPU
		{A205E926-B506-1C56-B6A1-A757F1A88F4C}.Release|Any CPU.ActiveCfg = Release|Any CPU
		{A205E926-B506-1C56-B6A1-A757F1A88F4C}.Release|Any CPU.Build.0 = Release|Any CPU
		{1AB66565-0DD0-BBAE-6EB0-805FBD3021F8}.Debug|Any CPU.ActiveCfg = Debug|Any CPU
		{1AB66565-0DD0-BBAE-6EB0-805FBD3021F8}.Debug|Any CPU.Build.0 = Debug|Any CPU
		{1AB66565-0DD0-BBAE-6EB0-805FBD3021F8}.Release|Any CPU.ActiveCfg = Release|Any CPU
		{1AB66565-0DD0-BBAE-6EB0-805FBD3021F8}.Release|Any CPU.Build.0 = Release|Any CPU
		{8A4A1505-6261-24AA-0EC9-6F4E75760EC4}.Debug|Any CPU.ActiveCfg = Debug|Any CPU
		{8A4A1505-6261-24AA-0EC9-6F4E75760EC4}.Debug|Any CPU.Build.0 = Debug|Any CPU
		{8A4A1505-6261-24AA-0EC9-6F4E75760EC4}.Release|Any CPU.ActiveCfg = Release|Any CPU
		{8A4A1505-6261-24AA-0EC9-6F4E75760EC4}.Release|Any CPU.Build.0 = Release|Any CPU
		{35F34202-BC61-B51B-7B60-5CF8F4C55DA0}.Debug|Any CPU.ActiveCfg = Debug|Any CPU
		{35F34202-BC61-B51B-7B60-5CF8F4C55DA0}.Debug|Any CPU.Build.0 = Debug|Any CPU
		{35F34202-BC61-B51B-7B60-5CF8F4C55DA0}.Release|Any CPU.ActiveCfg = Release|Any CPU
		{35F34202-BC61-B51B-7B60-5CF8F4C55DA0}.Release|Any CPU.Build.0 = Release|Any CPU
		{A13C937B-A3AA-3A94-B3A1-9E79E8E6E718}.Debug|Any CPU.ActiveCfg = Debug|Any CPU
		{A13C937B-A3AA-3A94-B3A1-9E79E8E6E718}.Debug|Any CPU.Build.0 = Debug|Any CPU
		{A13C937B-A3AA-3A94-B3A1-9E79E8E6E718}.Release|Any CPU.ActiveCfg = Release|Any CPU
		{A13C937B-A3AA-3A94-B3A1-9E79E8E6E718}.Release|Any CPU.Build.0 = Release|Any CPU
		{902AC125-FF9D-CC69-7EA6-3A40F948C64D}.Debug|Any CPU.ActiveCfg = Debug|Any CPU
		{902AC125-FF9D-CC69-7EA6-3A40F948C64D}.Debug|Any CPU.Build.0 = Debug|Any CPU
		{902AC125-FF9D-CC69-7EA6-3A40F948C64D}.Release|Any CPU.ActiveCfg = Release|Any CPU
		{902AC125-FF9D-CC69-7EA6-3A40F948C64D}.Release|Any CPU.Build.0 = Release|Any CPU
		{6FA7E0BA-DC5E-785E-AD92-056B57427874}.Debug|Any CPU.ActiveCfg = Debug|Any CPU
		{6FA7E0BA-DC5E-785E-AD92-056B57427874}.Debug|Any CPU.Build.0 = Debug|Any CPU
		{6FA7E0BA-DC5E-785E-AD92-056B57427874}.Release|Any CPU.ActiveCfg = Release|Any CPU
		{6FA7E0BA-DC5E-785E-AD92-056B57427874}.Release|Any CPU.Build.0 = Release|Any CPU
		{8A9D5BC1-5196-3DC9-D8DE-EAE5BBD9A1A1}.Debug|Any CPU.ActiveCfg = Debug|Any CPU
		{8A9D5BC1-5196-3DC9-D8DE-EAE5BBD9A1A1}.Debug|Any CPU.Build.0 = Debug|Any CPU
		{8A9D5BC1-5196-3DC9-D8DE-EAE5BBD9A1A1}.Release|Any CPU.ActiveCfg = Release|Any CPU
		{8A9D5BC1-5196-3DC9-D8DE-EAE5BBD9A1A1}.Release|Any CPU.Build.0 = Release|Any CPU
		{C51E3740-A625-C266-C1F0-63C641F3AB12}.Debug|Any CPU.ActiveCfg = Debug|Any CPU
		{C51E3740-A625-C266-C1F0-63C641F3AB12}.Debug|Any CPU.Build.0 = Debug|Any CPU
		{C51E3740-A625-C266-C1F0-63C641F3AB12}.Release|Any CPU.ActiveCfg = Release|Any CPU
		{C51E3740-A625-C266-C1F0-63C641F3AB12}.Release|Any CPU.Build.0 = Release|Any CPU
		{F4D39B5A-8B5B-3C62-D9D7-58A7A27033A0}.Debug|Any CPU.ActiveCfg = Debug|Any CPU
		{F4D39B5A-8B5B-3C62-D9D7-58A7A27033A0}.Debug|Any CPU.Build.0 = Debug|Any CPU
		{F4D39B5A-8B5B-3C62-D9D7-58A7A27033A0}.Release|Any CPU.ActiveCfg = Release|Any CPU
		{F4D39B5A-8B5B-3C62-D9D7-58A7A27033A0}.Release|Any CPU.Build.0 = Release|Any CPU
		{7CD63C46-8013-2F5D-10B7-8B6DAC8EB148}.Debug|Any CPU.ActiveCfg = Debug|Any CPU
		{7CD63C46-8013-2F5D-10B7-8B6DAC8EB148}.Debug|Any CPU.Build.0 = Debug|Any CPU
		{7CD63C46-8013-2F5D-10B7-8B6DAC8EB148}.Release|Any CPU.ActiveCfg = Release|Any CPU
		{7CD63C46-8013-2F5D-10B7-8B6DAC8EB148}.Release|Any CPU.Build.0 = Release|Any CPU
		{FB3C4B1A-B620-E066-783C-CB861DF7BBD5}.Debug|Any CPU.ActiveCfg = Debug|Any CPU
		{FB3C4B1A-B620-E066-783C-CB861DF7BBD5}.Debug|Any CPU.Build.0 = Debug|Any CPU
		{FB3C4B1A-B620-E066-783C-CB861DF7BBD5}.Release|Any CPU.ActiveCfg = Release|Any CPU
		{FB3C4B1A-B620-E066-783C-CB861DF7BBD5}.Release|Any CPU.Build.0 = Release|Any CPU
		{0414E5C0-D159-06F9-E1AF-AE5BE174F4F3}.Debug|Any CPU.ActiveCfg = Debug|Any CPU
		{0414E5C0-D159-06F9-E1AF-AE5BE174F4F3}.Debug|Any CPU.Build.0 = Debug|Any CPU
		{0414E5C0-D159-06F9-E1AF-AE5BE174F4F3}.Release|Any CPU.ActiveCfg = Release|Any CPU
		{0414E5C0-D159-06F9-E1AF-AE5BE174F4F3}.Release|Any CPU.Build.0 = Release|Any CPU
		{58D76F81-6936-9D0A-A07D-07CABBD86589}.Debug|Any CPU.ActiveCfg = Debug|Any CPU
		{58D76F81-6936-9D0A-A07D-07CABBD86589}.Debug|Any CPU.Build.0 = Debug|Any CPU
		{58D76F81-6936-9D0A-A07D-07CABBD86589}.Release|Any CPU.ActiveCfg = Release|Any CPU
		{58D76F81-6936-9D0A-A07D-07CABBD86589}.Release|Any CPU.Build.0 = Release|Any CPU
		{35787258-A19D-D20B-7082-F5312F3E28F7}.Debug|Any CPU.ActiveCfg = Debug|Any CPU
		{35787258-A19D-D20B-7082-F5312F3E28F7}.Debug|Any CPU.Build.0 = Debug|Any CPU
		{35787258-A19D-D20B-7082-F5312F3E28F7}.Release|Any CPU.ActiveCfg = Release|Any CPU
		{35787258-A19D-D20B-7082-F5312F3E28F7}.Release|Any CPU.Build.0 = Release|Any CPU
		{44801E8B-8583-11AF-3340-33F27BA25022}.Debug|Any CPU.ActiveCfg = Debug|Any CPU
		{44801E8B-8583-11AF-3340-33F27BA25022}.Debug|Any CPU.Build.0 = Debug|Any CPU
		{44801E8B-8583-11AF-3340-33F27BA25022}.Release|Any CPU.ActiveCfg = Release|Any CPU
		{44801E8B-8583-11AF-3340-33F27BA25022}.Release|Any CPU.Build.0 = Release|Any CPU
		{52A2E32F-50E0-DE86-9299-E3AC21472D47}.Debug|Any CPU.ActiveCfg = Debug|Any CPU
		{52A2E32F-50E0-DE86-9299-E3AC21472D47}.Debug|Any CPU.Build.0 = Debug|Any CPU
		{52A2E32F-50E0-DE86-9299-E3AC21472D47}.Release|Any CPU.ActiveCfg = Release|Any CPU
		{52A2E32F-50E0-DE86-9299-E3AC21472D47}.Release|Any CPU.Build.0 = Release|Any CPU
		{D8D5FFF6-611F-01EE-114C-828EADF92E38}.Debug|Any CPU.ActiveCfg = Debug|Any CPU
		{D8D5FFF6-611F-01EE-114C-828EADF92E38}.Debug|Any CPU.Build.0 = Debug|Any CPU
		{D8D5FFF6-611F-01EE-114C-828EADF92E38}.Release|Any CPU.ActiveCfg = Release|Any CPU
		{D8D5FFF6-611F-01EE-114C-828EADF92E38}.Release|Any CPU.Build.0 = Release|Any CPU
		{8BD3C474-EFEF-D722-C1E9-FB5826A13493}.Debug|Any CPU.ActiveCfg = Debug|Any CPU
		{8BD3C474-EFEF-D722-C1E9-FB5826A13493}.Debug|Any CPU.Build.0 = Debug|Any CPU
		{8BD3C474-EFEF-D722-C1E9-FB5826A13493}.Release|Any CPU.ActiveCfg = Release|Any CPU
		{8BD3C474-EFEF-D722-C1E9-FB5826A13493}.Release|Any CPU.Build.0 = Release|Any CPU
		{E661835B-F34F-2EAD-6A34-314C088F4426}.Debug|Any CPU.ActiveCfg = Debug|Any CPU
		{E661835B-F34F-2EAD-6A34-314C088F4426}.Debug|Any CPU.Build.0 = Debug|Any CPU
		{E661835B-F34F-2EAD-6A34-314C088F4426}.Release|Any CPU.ActiveCfg = Release|Any CPU
		{E661835B-F34F-2EAD-6A34-314C088F4426}.Release|Any CPU.Build.0 = Release|Any CPU
		{D98B75A9-89FA-77A5-B470-B7E0341E0C47}.Debug|Any CPU.ActiveCfg = Debug|Any CPU
		{D98B75A9-89FA-77A5-B470-B7E0341E0C47}.Debug|Any CPU.Build.0 = Debug|Any CPU
		{D98B75A9-89FA-77A5-B470-B7E0341E0C47}.Release|Any CPU.ActiveCfg = Release|Any CPU
		{D98B75A9-89FA-77A5-B470-B7E0341E0C47}.Release|Any CPU.Build.0 = Release|Any CPU
		{F8163C7F-8549-5C32-071D-169AAA0B4A38}.Debug|Any CPU.ActiveCfg = Debug|Any CPU
		{F8163C7F-8549-5C32-071D-169AAA0B4A38}.Debug|Any CPU.Build.0 = Debug|Any CPU
		{F8163C7F-8549-5C32-071D-169AAA0B4A38}.Release|Any CPU.ActiveCfg = Release|Any CPU
		{F8163C7F-8549-5C32-071D-169AAA0B4A38}.Release|Any CPU.Build.0 = Release|Any CPU
		{1DBC6340-6204-36CB-5C3C-1B92BCF14684}.Debug|Any CPU.ActiveCfg = Debug|Any CPU
		{1DBC6340-6204-36CB-5C3C-1B92BCF14684}.Debug|Any CPU.Build.0 = Debug|Any CPU
		{1DBC6340-6204-36CB-5C3C-1B92BCF14684}.Release|Any CPU.ActiveCfg = Release|Any CPU
		{1DBC6340-6204-36CB-5C3C-1B92BCF14684}.Release|Any CPU.Build.0 = Release|Any CPU
		{6BCE7708-6AB6-5770-F32D-FF2808949D67}.Debug|Any CPU.ActiveCfg = Debug|Any CPU
		{6BCE7708-6AB6-5770-F32D-FF2808949D67}.Debug|Any CPU.Build.0 = Debug|Any CPU
		{6BCE7708-6AB6-5770-F32D-FF2808949D67}.Release|Any CPU.ActiveCfg = Release|Any CPU
		{6BCE7708-6AB6-5770-F32D-FF2808949D67}.Release|Any CPU.Build.0 = Release|Any CPU
		{1A213724-E994-3374-C293-DF7192B81B36}.Debug|Any CPU.ActiveCfg = Debug|Any CPU
		{1A213724-E994-3374-C293-DF7192B81B36}.Debug|Any CPU.Build.0 = Debug|Any CPU
		{1A213724-E994-3374-C293-DF7192B81B36}.Release|Any CPU.ActiveCfg = Release|Any CPU
		{1A213724-E994-3374-C293-DF7192B81B36}.Release|Any CPU.Build.0 = Release|Any CPU
		{46F1DA7F-5AC7-DF55-63D4-EC4ACFCC6242}.Debug|Any CPU.ActiveCfg = Debug|Any CPU
		{46F1DA7F-5AC7-DF55-63D4-EC4ACFCC6242}.Debug|Any CPU.Build.0 = Debug|Any CPU
		{46F1DA7F-5AC7-DF55-63D4-EC4ACFCC6242}.Release|Any CPU.ActiveCfg = Release|Any CPU
		{46F1DA7F-5AC7-DF55-63D4-EC4ACFCC6242}.Release|Any CPU.Build.0 = Release|Any CPU
		{0BC461E2-09DC-71E4-DBF8-4D76B36A1779}.Debug|Any CPU.ActiveCfg = Debug|Any CPU
		{0BC461E2-09DC-71E4-DBF8-4D76B36A1779}.Debug|Any CPU.Build.0 = Debug|Any CPU
		{0BC461E2-09DC-71E4-DBF8-4D76B36A1779}.Release|Any CPU.ActiveCfg = Release|Any CPU
		{0BC461E2-09DC-71E4-DBF8-4D76B36A1779}.Release|Any CPU.Build.0 = Release|Any CPU
		{DF535CB7-7102-C824-B623-C0892CCDEE9E}.Debug|Any CPU.ActiveCfg = Debug|Any CPU
		{DF535CB7-7102-C824-B623-C0892CCDEE9E}.Debug|Any CPU.Build.0 = Debug|Any CPU
		{DF535CB7-7102-C824-B623-C0892CCDEE9E}.Release|Any CPU.ActiveCfg = Release|Any CPU
		{DF535CB7-7102-C824-B623-C0892CCDEE9E}.Release|Any CPU.Build.0 = Release|Any CPU
		{19BEB83F-8E72-4661-2F9E-0C0E93A63C68}.Debug|Any CPU.ActiveCfg = Debug|Any CPU
		{19BEB83F-8E72-4661-2F9E-0C0E93A63C68}.Debug|Any CPU.Build.0 = Debug|Any CPU
		{19BEB83F-8E72-4661-2F9E-0C0E93A63C68}.Release|Any CPU.ActiveCfg = Release|Any CPU
		{19BEB83F-8E72-4661-2F9E-0C0E93A63C68}.Release|Any CPU.Build.0 = Release|Any CPU
		{6DA0487A-A98E-CD4F-5251-7B93CD134817}.Debug|Any CPU.ActiveCfg = Debug|Any CPU
		{6DA0487A-A98E-CD4F-5251-7B93CD134817}.Debug|Any CPU.Build.0 = Debug|Any CPU
		{6DA0487A-A98E-CD4F-5251-7B93CD134817}.Release|Any CPU.ActiveCfg = Release|Any CPU
		{6DA0487A-A98E-CD4F-5251-7B93CD134817}.Release|Any CPU.Build.0 = Release|Any CPU
		{936B6776-DF72-7B8A-E7A5-B00480FBED4C}.Debug|Any CPU.ActiveCfg = Debug|Any CPU
		{936B6776-DF72-7B8A-E7A5-B00480FBED4C}.Debug|Any CPU.Build.0 = Debug|Any CPU
		{936B6776-DF72-7B8A-E7A5-B00480FBED4C}.Release|Any CPU.ActiveCfg = Release|Any CPU
		{936B6776-DF72-7B8A-E7A5-B00480FBED4C}.Release|Any CPU.Build.0 = Release|Any CPU
		{AC4E2D54-6F84-4BAD-95E8-1F83FFA1CE56}.Debug|Any CPU.ActiveCfg = Debug|Any CPU
		{AC4E2D54-6F84-4BAD-95E8-1F83FFA1CE56}.Debug|Any CPU.Build.0 = Debug|Any CPU
		{AC4E2D54-6F84-4BAD-95E8-1F83FFA1CE56}.Release|Any CPU.ActiveCfg = Release|Any CPU
		{AC4E2D54-6F84-4BAD-95E8-1F83FFA1CE56}.Release|Any CPU.Build.0 = Release|Any CPU
		{ADDE8FF3-B5F7-1A66-5F0A-960F6CB659E9}.Debug|Any CPU.ActiveCfg = Debug|Any CPU
		{ADDE8FF3-B5F7-1A66-5F0A-960F6CB659E9}.Debug|Any CPU.Build.0 = Debug|Any CPU
		{ADDE8FF3-B5F7-1A66-5F0A-960F6CB659E9}.Release|Any CPU.ActiveCfg = Release|Any CPU
		{ADDE8FF3-B5F7-1A66-5F0A-960F6CB659E9}.Release|Any CPU.Build.0 = Release|Any CPU
		{F31C5C43-6F12-C30E-F685-72471F7A20C1}.Debug|Any CPU.ActiveCfg = Debug|Any CPU
		{F31C5C43-6F12-C30E-F685-72471F7A20C1}.Debug|Any CPU.Build.0 = Debug|Any CPU
		{F31C5C43-6F12-C30E-F685-72471F7A20C1}.Release|Any CPU.ActiveCfg = Release|Any CPU
		{F31C5C43-6F12-C30E-F685-72471F7A20C1}.Release|Any CPU.Build.0 = Release|Any CPU
		{F8768D2E-7A4D-6DD9-FE45-CCA54460D4AC}.Debug|Any CPU.ActiveCfg = Debug|Any CPU
		{F8768D2E-7A4D-6DD9-FE45-CCA54460D4AC}.Debug|Any CPU.Build.0 = Debug|Any CPU
		{F8768D2E-7A4D-6DD9-FE45-CCA54460D4AC}.Release|Any CPU.ActiveCfg = Release|Any CPU
		{F8768D2E-7A4D-6DD9-FE45-CCA54460D4AC}.Release|Any CPU.Build.0 = Release|Any CPU
		{47B453CB-3ACC-0461-4F10-C6E8147D108F}.Debug|Any CPU.ActiveCfg = Debug|Any CPU
		{47B453CB-3ACC-0461-4F10-C6E8147D108F}.Debug|Any CPU.Build.0 = Debug|Any CPU
		{47B453CB-3ACC-0461-4F10-C6E8147D108F}.Release|Any CPU.ActiveCfg = Release|Any CPU
		{47B453CB-3ACC-0461-4F10-C6E8147D108F}.Release|Any CPU.Build.0 = Release|Any CPU
		{4203ACFA-07A6-B06E-FAB4-449E6E36DF26}.Debug|Any CPU.ActiveCfg = Debug|Any CPU
		{4203ACFA-07A6-B06E-FAB4-449E6E36DF26}.Debug|Any CPU.Build.0 = Debug|Any CPU
		{4203ACFA-07A6-B06E-FAB4-449E6E36DF26}.Release|Any CPU.ActiveCfg = Release|Any CPU
		{4203ACFA-07A6-B06E-FAB4-449E6E36DF26}.Release|Any CPU.Build.0 = Release|Any CPU
		{06A5A79C-6739-C930-8A3C-6CE4C6BA5867}.Debug|Any CPU.ActiveCfg = Debug|Any CPU
		{06A5A79C-6739-C930-8A3C-6CE4C6BA5867}.Debug|Any CPU.Build.0 = Debug|Any CPU
		{06A5A79C-6739-C930-8A3C-6CE4C6BA5867}.Release|Any CPU.ActiveCfg = Release|Any CPU
		{06A5A79C-6739-C930-8A3C-6CE4C6BA5867}.Release|Any CPU.Build.0 = Release|Any CPU
		{2419B3C0-14FA-4B69-C1D1-19CD2265EE18}.Debug|Any CPU.ActiveCfg = Debug|Any CPU
		{2419B3C0-14FA-4B69-C1D1-19CD2265EE18}.Debug|Any CPU.Build.0 = Debug|Any CPU
		{2419B3C0-14FA-4B69-C1D1-19CD2265EE18}.Release|Any CPU.ActiveCfg = Release|Any CPU
		{2419B3C0-14FA-4B69-C1D1-19CD2265EE18}.Release|Any CPU.Build.0 = Release|Any CPU
		{21461347-F53B-0F10-AAD9-A921BA40B041}.Debug|Any CPU.ActiveCfg = Debug|Any CPU
		{21461347-F53B-0F10-AAD9-A921BA40B041}.Debug|Any CPU.Build.0 = Debug|Any CPU
		{21461347-F53B-0F10-AAD9-A921BA40B041}.Release|Any CPU.ActiveCfg = Release|Any CPU
		{21461347-F53B-0F10-AAD9-A921BA40B041}.Release|Any CPU.Build.0 = Release|Any CPU
		{0517DBDB-C287-AAEB-4A17-FE0BD0B92160}.Debug|Any CPU.ActiveCfg = Debug|Any CPU
		{0517DBDB-C287-AAEB-4A17-FE0BD0B92160}.Debug|Any CPU.Build.0 = Debug|Any CPU
		{0517DBDB-C287-AAEB-4A17-FE0BD0B92160}.Release|Any CPU.ActiveCfg = Release|Any CPU
		{0517DBDB-C287-AAEB-4A17-FE0BD0B92160}.Release|Any CPU.Build.0 = Release|Any CPU
		{26B92B05-4B6A-0652-9533-C8C47FC2F579}.Debug|Any CPU.ActiveCfg = Debug|Any CPU
		{26B92B05-4B6A-0652-9533-C8C47FC2F579}.Debug|Any CPU.Build.0 = Debug|Any CPU
		{26B92B05-4B6A-0652-9533-C8C47FC2F579}.Release|Any CPU.ActiveCfg = Release|Any CPU
		{26B92B05-4B6A-0652-9533-C8C47FC2F579}.Release|Any CPU.Build.0 = Release|Any CPU
		{414A57DE-40F2-5675-773E-6FCED5D5AD38}.Debug|Any CPU.ActiveCfg = Debug|Any CPU
		{414A57DE-40F2-5675-773E-6FCED5D5AD38}.Debug|Any CPU.Build.0 = Debug|Any CPU
		{414A57DE-40F2-5675-773E-6FCED5D5AD38}.Release|Any CPU.ActiveCfg = Release|Any CPU
		{414A57DE-40F2-5675-773E-6FCED5D5AD38}.Release|Any CPU.Build.0 = Release|Any CPU
		{A3283CCB-F7DE-5935-C5D1-3CF411B0A67B}.Debug|Any CPU.ActiveCfg = Debug|Any CPU
		{A3283CCB-F7DE-5935-C5D1-3CF411B0A67B}.Debug|Any CPU.Build.0 = Debug|Any CPU
		{A3283CCB-F7DE-5935-C5D1-3CF411B0A67B}.Release|Any CPU.ActiveCfg = Release|Any CPU
		{A3283CCB-F7DE-5935-C5D1-3CF411B0A67B}.Release|Any CPU.Build.0 = Release|Any CPU
		{6A538B5A-BFB1-FC48-B8A1-0E38FC5357FB}.Debug|Any CPU.ActiveCfg = Debug|Any CPU
		{6A538B5A-BFB1-FC48-B8A1-0E38FC5357FB}.Debug|Any CPU.Build.0 = Debug|Any CPU
		{6A538B5A-BFB1-FC48-B8A1-0E38FC5357FB}.Release|Any CPU.ActiveCfg = Release|Any CPU
		{6A538B5A-BFB1-FC48-B8A1-0E38FC5357FB}.Release|Any CPU.Build.0 = Release|Any CPU
		{BFA20ACF-CD5F-D433-2AC9-D1C5AFD56E2E}.Debug|Any CPU.ActiveCfg = Debug|Any CPU
		{BFA20ACF-CD5F-D433-2AC9-D1C5AFD56E2E}.Debug|Any CPU.Build.0 = Debug|Any CPU
		{BFA20ACF-CD5F-D433-2AC9-D1C5AFD56E2E}.Release|Any CPU.ActiveCfg = Release|Any CPU
		{BFA20ACF-CD5F-D433-2AC9-D1C5AFD56E2E}.Release|Any CPU.Build.0 = Release|Any CPU
		{EAF91B35-7019-20FB-03BE-D299159D5EBB}.Debug|Any CPU.ActiveCfg = Debug|Any CPU
		{EAF91B35-7019-20FB-03BE-D299159D5EBB}.Debug|Any CPU.Build.0 = Debug|Any CPU
		{EAF91B35-7019-20FB-03BE-D299159D5EBB}.Release|Any CPU.ActiveCfg = Release|Any CPU
		{EAF91B35-7019-20FB-03BE-D299159D5EBB}.Release|Any CPU.Build.0 = Release|Any CPU
		{C7BCC43C-34B4-C222-B392-D26B8A2A5C20}.Debug|Any CPU.ActiveCfg = Debug|Any CPU
		{C7BCC43C-34B4-C222-B392-D26B8A2A5C20}.Debug|Any CPU.Build.0 = Debug|Any CPU
		{C7BCC43C-34B4-C222-B392-D26B8A2A5C20}.Release|Any CPU.ActiveCfg = Release|Any CPU
		{C7BCC43C-34B4-C222-B392-D26B8A2A5C20}.Release|Any CPU.Build.0 = Release|Any CPU
		{DD7EB5A2-D167-E55C-0F99-329EBDA0FC25}.Debug|Any CPU.ActiveCfg = Debug|Any CPU
		{DD7EB5A2-D167-E55C-0F99-329EBDA0FC25}.Debug|Any CPU.Build.0 = Debug|Any CPU
		{DD7EB5A2-D167-E55C-0F99-329EBDA0FC25}.Release|Any CPU.ActiveCfg = Release|Any CPU
		{DD7EB5A2-D167-E55C-0F99-329EBDA0FC25}.Release|Any CPU.Build.0 = Release|Any CPU
		{FACAFC35-307A-A4F6-C8A1-5F126C4E2484}.Debug|Any CPU.ActiveCfg = Debug|Any CPU
		{FACAFC35-307A-A4F6-C8A1-5F126C4E2484}.Debug|Any CPU.Build.0 = Debug|Any CPU
		{FACAFC35-307A-A4F6-C8A1-5F126C4E2484}.Release|Any CPU.ActiveCfg = Release|Any CPU
		{FACAFC35-307A-A4F6-C8A1-5F126C4E2484}.Release|Any CPU.Build.0 = Release|Any CPU
		{E221A1F2-89D2-BB0A-B102-D136216818DD}.Debug|Any CPU.ActiveCfg = Debug|Any CPU
		{E221A1F2-89D2-BB0A-B102-D136216818DD}.Debug|Any CPU.Build.0 = Debug|Any CPU
		{E221A1F2-89D2-BB0A-B102-D136216818DD}.Release|Any CPU.ActiveCfg = Release|Any CPU
		{E221A1F2-89D2-BB0A-B102-D136216818DD}.Release|Any CPU.Build.0 = Release|Any CPU
		{81ABDE82-198F-EFE5-3CFB-C44EE155F0B7}.Debug|Any CPU.ActiveCfg = Debug|Any CPU
		{81ABDE82-198F-EFE5-3CFB-C44EE155F0B7}.Debug|Any CPU.Build.0 = Debug|Any CPU
		{81ABDE82-198F-EFE5-3CFB-C44EE155F0B7}.Release|Any CPU.ActiveCfg = Release|Any CPU
		{81ABDE82-198F-EFE5-3CFB-C44EE155F0B7}.Release|Any CPU.Build.0 = Release|Any CPU
		{D7CD99E9-7994-0AAE-B7E3-2AABE9BCC751}.Debug|Any CPU.ActiveCfg = Debug|Any CPU
		{D7CD99E9-7994-0AAE-B7E3-2AABE9BCC751}.Debug|Any CPU.Build.0 = Debug|Any CPU
		{D7CD99E9-7994-0AAE-B7E3-2AABE9BCC751}.Release|Any CPU.ActiveCfg = Release|Any CPU
		{D7CD99E9-7994-0AAE-B7E3-2AABE9BCC751}.Release|Any CPU.Build.0 = Release|Any CPU
		{FBB8F470-E9F9-E925-7BEB-98292CE14BA4}.Debug|Any CPU.ActiveCfg = Debug|Any CPU
		{FBB8F470-E9F9-E925-7BEB-98292CE14BA4}.Debug|Any CPU.Build.0 = Debug|Any CPU
		{FBB8F470-E9F9-E925-7BEB-98292CE14BA4}.Release|Any CPU.ActiveCfg = Release|Any CPU
		{FBB8F470-E9F9-E925-7BEB-98292CE14BA4}.Release|Any CPU.Build.0 = Release|Any CPU
		{C94BCD1D-4909-22BB-D3DD-17AE49450C50}.Debug|Any CPU.ActiveCfg = Debug|Any CPU
		{C94BCD1D-4909-22BB-D3DD-17AE49450C50}.Debug|Any CPU.Build.0 = Debug|Any CPU
		{C94BCD1D-4909-22BB-D3DD-17AE49450C50}.Release|Any CPU.ActiveCfg = Release|Any CPU
		{C94BCD1D-4909-22BB-D3DD-17AE49450C50}.Release|Any CPU.Build.0 = Release|Any CPU
		{9DF094B5-4E36-1CE9-5EA5-E21646A03202}.Debug|Any CPU.ActiveCfg = Debug|Any CPU
		{9DF094B5-4E36-1CE9-5EA5-E21646A03202}.Debug|Any CPU.Build.0 = Debug|Any CPU
		{9DF094B5-4E36-1CE9-5EA5-E21646A03202}.Release|Any CPU.ActiveCfg = Release|Any CPU
		{9DF094B5-4E36-1CE9-5EA5-E21646A03202}.Release|Any CPU.Build.0 = Release|Any CPU
		{824713AD-5354-6A73-6134-4F0294F8F252}.Debug|Any CPU.ActiveCfg = Debug|Any CPU
		{824713AD-5354-6A73-6134-4F0294F8F252}.Debug|Any CPU.Build.0 = Debug|Any CPU
		{824713AD-5354-6A73-6134-4F0294F8F252}.Release|Any CPU.ActiveCfg = Release|Any CPU
		{824713AD-5354-6A73-6134-4F0294F8F252}.Release|Any CPU.Build.0 = Release|Any CPU
		{CF82C403-5E34-37A1-D882-266DA37D13D9}.Debug|Any CPU.ActiveCfg = Debug|Any CPU
		{CF82C403-5E34-37A1-D882-266DA37D13D9}.Debug|Any CPU.Build.0 = Debug|Any CPU
		{CF82C403-5E34-37A1-D882-266DA37D13D9}.Release|Any CPU.ActiveCfg = Release|Any CPU
		{CF82C403-5E34-37A1-D882-266DA37D13D9}.Release|Any CPU.Build.0 = Release|Any CPU
		{BFAA18D1-3392-99CE-0DDF-422E7C0CBB11}.Debug|Any CPU.ActiveCfg = Debug|Any CPU
		{BFAA18D1-3392-99CE-0DDF-422E7C0CBB11}.Debug|Any CPU.Build.0 = Debug|Any CPU
		{BFAA18D1-3392-99CE-0DDF-422E7C0CBB11}.Release|Any CPU.ActiveCfg = Release|Any CPU
		{BFAA18D1-3392-99CE-0DDF-422E7C0CBB11}.Release|Any CPU.Build.0 = Release|Any CPU
		{35F99265-6E50-848A-F019-EA5A71723D03}.Debug|Any CPU.ActiveCfg = Debug|Any CPU
		{35F99265-6E50-848A-F019-EA5A71723D03}.Debug|Any CPU.Build.0 = Debug|Any CPU
		{35F99265-6E50-848A-F019-EA5A71723D03}.Release|Any CPU.ActiveCfg = Release|Any CPU
		{35F99265-6E50-848A-F019-EA5A71723D03}.Release|Any CPU.Build.0 = Release|Any CPU
		{FBA3DFDD-A4AA-6A62-4CC4-5CEAFF72D987}.Debug|Any CPU.ActiveCfg = Debug|Any CPU
		{FBA3DFDD-A4AA-6A62-4CC4-5CEAFF72D987}.Debug|Any CPU.Build.0 = Debug|Any CPU
		{FBA3DFDD-A4AA-6A62-4CC4-5CEAFF72D987}.Release|Any CPU.ActiveCfg = Release|Any CPU
		{FBA3DFDD-A4AA-6A62-4CC4-5CEAFF72D987}.Release|Any CPU.Build.0 = Release|Any CPU
		{EAA31D2A-E8CB-AD17-ABEE-BB8641AA351B}.Debug|Any CPU.ActiveCfg = Debug|Any CPU
		{EAA31D2A-E8CB-AD17-ABEE-BB8641AA351B}.Debug|Any CPU.Build.0 = Debug|Any CPU
		{EAA31D2A-E8CB-AD17-ABEE-BB8641AA351B}.Release|Any CPU.ActiveCfg = Release|Any CPU
		{EAA31D2A-E8CB-AD17-ABEE-BB8641AA351B}.Release|Any CPU.Build.0 = Release|Any CPU
		{0AFC6497-2CE1-1C9F-8FE7-9DDFD7BAB3C8}.Debug|Any CPU.ActiveCfg = Debug|Any CPU
		{0AFC6497-2CE1-1C9F-8FE7-9DDFD7BAB3C8}.Debug|Any CPU.Build.0 = Debug|Any CPU
		{0AFC6497-2CE1-1C9F-8FE7-9DDFD7BAB3C8}.Release|Any CPU.ActiveCfg = Release|Any CPU
		{0AFC6497-2CE1-1C9F-8FE7-9DDFD7BAB3C8}.Release|Any CPU.Build.0 = Release|Any CPU
		{6CB7CAF0-6BCE-9C61-5573-2E11480290C6}.Debug|Any CPU.ActiveCfg = Debug|Any CPU
		{6CB7CAF0-6BCE-9C61-5573-2E11480290C6}.Debug|Any CPU.Build.0 = Debug|Any CPU
		{6CB7CAF0-6BCE-9C61-5573-2E11480290C6}.Release|Any CPU.ActiveCfg = Release|Any CPU
		{6CB7CAF0-6BCE-9C61-5573-2E11480290C6}.Release|Any CPU.Build.0 = Release|Any CPU
		{60F431FE-97A7-8A89-18D4-F0EB805A4B83}.Debug|Any CPU.ActiveCfg = Debug|Any CPU
		{60F431FE-97A7-8A89-18D4-F0EB805A4B83}.Debug|Any CPU.Build.0 = Debug|Any CPU
		{60F431FE-97A7-8A89-18D4-F0EB805A4B83}.Release|Any CPU.ActiveCfg = Release|Any CPU
		{60F431FE-97A7-8A89-18D4-F0EB805A4B83}.Release|Any CPU.Build.0 = Release|Any CPU
		{BDB4FD64-CEEB-F9D9-B524-A6AE3DD43327}.Debug|Any CPU.ActiveCfg = Debug|Any CPU
		{BDB4FD64-CEEB-F9D9-B524-A6AE3DD43327}.Debug|Any CPU.Build.0 = Debug|Any CPU
		{BDB4FD64-CEEB-F9D9-B524-A6AE3DD43327}.Release|Any CPU.ActiveCfg = Release|Any CPU
		{BDB4FD64-CEEB-F9D9-B524-A6AE3DD43327}.Release|Any CPU.Build.0 = Release|Any CPU
		{5161B2BD-0810-B699-7E5F-90EC04737BB1}.Debug|Any CPU.ActiveCfg = Debug|Any CPU
		{5161B2BD-0810-B699-7E5F-90EC04737BB1}.Debug|Any CPU.Build.0 = Debug|Any CPU
		{5161B2BD-0810-B699-7E5F-90EC04737BB1}.Release|Any CPU.ActiveCfg = Release|Any CPU
		{5161B2BD-0810-B699-7E5F-90EC04737BB1}.Release|Any CPU.Build.0 = Release|Any CPU
		{CB5082FC-6CC1-3570-5BAA-1E89E5A7DAFF}.Debug|Any CPU.ActiveCfg = Debug|Any CPU
		{CB5082FC-6CC1-3570-5BAA-1E89E5A7DAFF}.Debug|Any CPU.Build.0 = Debug|Any CPU
		{CB5082FC-6CC1-3570-5BAA-1E89E5A7DAFF}.Release|Any CPU.ActiveCfg = Release|Any CPU
		{CB5082FC-6CC1-3570-5BAA-1E89E5A7DAFF}.Release|Any CPU.Build.0 = Release|Any CPU
		{5498913E-27F2-E0AA-121A-C92A64706186}.Debug|Any CPU.ActiveCfg = Debug|Any CPU
		{5498913E-27F2-E0AA-121A-C92A64706186}.Debug|Any CPU.Build.0 = Debug|Any CPU
		{5498913E-27F2-E0AA-121A-C92A64706186}.Release|Any CPU.ActiveCfg = Release|Any CPU
		{5498913E-27F2-E0AA-121A-C92A64706186}.Release|Any CPU.Build.0 = Release|Any CPU
		{07A6E673-D849-A436-26A8-C5A8F06C1E33}.Debug|Any CPU.ActiveCfg = Debug|Any CPU
		{07A6E673-D849-A436-26A8-C5A8F06C1E33}.Debug|Any CPU.Build.0 = Debug|Any CPU
		{07A6E673-D849-A436-26A8-C5A8F06C1E33}.Release|Any CPU.ActiveCfg = Release|Any CPU
		{07A6E673-D849-A436-26A8-C5A8F06C1E33}.Release|Any CPU.Build.0 = Release|Any CPU
		{FA2FC0E8-3112-86FE-6F16-20820C0C8139}.Debug|Any CPU.ActiveCfg = Debug|Any CPU
		{FA2FC0E8-3112-86FE-6F16-20820C0C8139}.Debug|Any CPU.Build.0 = Debug|Any CPU
		{FA2FC0E8-3112-86FE-6F16-20820C0C8139}.Release|Any CPU.ActiveCfg = Release|Any CPU
		{FA2FC0E8-3112-86FE-6F16-20820C0C8139}.Release|Any CPU.Build.0 = Release|Any CPU
		{06792F31-EDA1-31E5-46AA-F10F3C7FAA6C}.Debug|Any CPU.ActiveCfg = Debug|Any CPU
		{06792F31-EDA1-31E5-46AA-F10F3C7FAA6C}.Debug|Any CPU.Build.0 = Debug|Any CPU
		{06792F31-EDA1-31E5-46AA-F10F3C7FAA6C}.Release|Any CPU.ActiveCfg = Release|Any CPU
		{06792F31-EDA1-31E5-46AA-F10F3C7FAA6C}.Release|Any CPU.Build.0 = Release|Any CPU
		{AE1D45B9-FCDA-AE5F-B78D-D84B0CBA0A0D}.Debug|Any CPU.ActiveCfg = Debug|Any CPU
		{AE1D45B9-FCDA-AE5F-B78D-D84B0CBA0A0D}.Debug|Any CPU.Build.0 = Debug|Any CPU
		{AE1D45B9-FCDA-AE5F-B78D-D84B0CBA0A0D}.Release|Any CPU.ActiveCfg = Release|Any CPU
		{AE1D45B9-FCDA-AE5F-B78D-D84B0CBA0A0D}.Release|Any CPU.Build.0 = Release|Any CPU
		{98DBA5C1-D42A-0BED-E67F-FF480E99F982}.Debug|Any CPU.ActiveCfg = Debug|Any CPU
		{98DBA5C1-D42A-0BED-E67F-FF480E99F982}.Debug|Any CPU.Build.0 = Debug|Any CPU
		{98DBA5C1-D42A-0BED-E67F-FF480E99F982}.Release|Any CPU.ActiveCfg = Release|Any CPU
		{98DBA5C1-D42A-0BED-E67F-FF480E99F982}.Release|Any CPU.Build.0 = Release|Any CPU
		{3EE4A2AA-9477-94C6-A38B-B448D978781D}.Debug|Any CPU.ActiveCfg = Debug|Any CPU
		{3EE4A2AA-9477-94C6-A38B-B448D978781D}.Debug|Any CPU.Build.0 = Debug|Any CPU
		{3EE4A2AA-9477-94C6-A38B-B448D978781D}.Release|Any CPU.ActiveCfg = Release|Any CPU
		{3EE4A2AA-9477-94C6-A38B-B448D978781D}.Release|Any CPU.Build.0 = Release|Any CPU
		{9EEAA7BE-FDDF-771E-677B-E285115ABF03}.Debug|Any CPU.ActiveCfg = Debug|Any CPU
		{9EEAA7BE-FDDF-771E-677B-E285115ABF03}.Debug|Any CPU.Build.0 = Debug|Any CPU
		{9EEAA7BE-FDDF-771E-677B-E285115ABF03}.Release|Any CPU.ActiveCfg = Release|Any CPU
		{9EEAA7BE-FDDF-771E-677B-E285115ABF03}.Release|Any CPU.Build.0 = Release|Any CPU
		{7FE20505-20D2-F9BD-3EBB-4BFA464B4996}.Debug|Any CPU.ActiveCfg = Debug|Any CPU
		{7FE20505-20D2-F9BD-3EBB-4BFA464B4996}.Debug|Any CPU.Build.0 = Debug|Any CPU
		{7FE20505-20D2-F9BD-3EBB-4BFA464B4996}.Release|Any CPU.ActiveCfg = Release|Any CPU
		{7FE20505-20D2-F9BD-3EBB-4BFA464B4996}.Release|Any CPU.Build.0 = Release|Any CPU
		{08EDD147-B5B3-6CC4-D5B0-7ACD8E517F00}.Debug|Any CPU.ActiveCfg = Debug|Any CPU
		{08EDD147-B5B3-6CC4-D5B0-7ACD8E517F00}.Debug|Any CPU.Build.0 = Debug|Any CPU
		{08EDD147-B5B3-6CC4-D5B0-7ACD8E517F00}.Release|Any CPU.ActiveCfg = Release|Any CPU
		{08EDD147-B5B3-6CC4-D5B0-7ACD8E517F00}.Release|Any CPU.Build.0 = Release|Any CPU
		{E1A3CA5B-299B-15CE-C2D9-C681123F4F0E}.Debug|Any CPU.ActiveCfg = Debug|Any CPU
		{E1A3CA5B-299B-15CE-C2D9-C681123F4F0E}.Debug|Any CPU.Build.0 = Debug|Any CPU
		{E1A3CA5B-299B-15CE-C2D9-C681123F4F0E}.Release|Any CPU.ActiveCfg = Release|Any CPU
		{E1A3CA5B-299B-15CE-C2D9-C681123F4F0E}.Release|Any CPU.Build.0 = Release|Any CPU
		{A34C1AEB-ABCA-AE14-FAEA-8EC70521CAD8}.Debug|Any CPU.ActiveCfg = Debug|Any CPU
		{A34C1AEB-ABCA-AE14-FAEA-8EC70521CAD8}.Debug|Any CPU.Build.0 = Debug|Any CPU
		{A34C1AEB-ABCA-AE14-FAEA-8EC70521CAD8}.Release|Any CPU.ActiveCfg = Release|Any CPU
		{A34C1AEB-ABCA-AE14-FAEA-8EC70521CAD8}.Release|Any CPU.Build.0 = Release|Any CPU
		{59E67817-BBC1-0F48-5045-86A0648DE20B}.Debug|Any CPU.ActiveCfg = Debug|Any CPU
		{59E67817-BBC1-0F48-5045-86A0648DE20B}.Debug|Any CPU.Build.0 = Debug|Any CPU
		{59E67817-BBC1-0F48-5045-86A0648DE20B}.Release|Any CPU.ActiveCfg = Release|Any CPU
		{59E67817-BBC1-0F48-5045-86A0648DE20B}.Release|Any CPU.Build.0 = Release|Any CPU
		{CE8B3B0D-6854-9E3C-BFF8-D51132F5A354}.Debug|Any CPU.ActiveCfg = Debug|Any CPU
		{CE8B3B0D-6854-9E3C-BFF8-D51132F5A354}.Debug|Any CPU.Build.0 = Debug|Any CPU
		{CE8B3B0D-6854-9E3C-BFF8-D51132F5A354}.Release|Any CPU.ActiveCfg = Release|Any CPU
		{CE8B3B0D-6854-9E3C-BFF8-D51132F5A354}.Release|Any CPU.Build.0 = Release|Any CPU
		{128F9303-E662-6154-B62B-E2D27514D00C}.Debug|Any CPU.ActiveCfg = Debug|Any CPU
		{128F9303-E662-6154-B62B-E2D27514D00C}.Debug|Any CPU.Build.0 = Debug|Any CPU
		{128F9303-E662-6154-B62B-E2D27514D00C}.Release|Any CPU.ActiveCfg = Release|Any CPU
		{128F9303-E662-6154-B62B-E2D27514D00C}.Release|Any CPU.Build.0 = Release|Any CPU
		{F23AE60A-B598-DE49-5B79-6B7869909B96}.Debug|Any CPU.ActiveCfg = Debug|Any CPU
		{F23AE60A-B598-DE49-5B79-6B7869909B96}.Debug|Any CPU.Build.0 = Debug|Any CPU
		{F23AE60A-B598-DE49-5B79-6B7869909B96}.Release|Any CPU.ActiveCfg = Release|Any CPU
		{F23AE60A-B598-DE49-5B79-6B7869909B96}.Release|Any CPU.Build.0 = Release|Any CPU
		{C7D9F81D-3585-1690-A12F-E162D0712709}.Debug|Any CPU.ActiveCfg = Debug|Any CPU
		{C7D9F81D-3585-1690-A12F-E162D0712709}.Debug|Any CPU.Build.0 = Debug|Any CPU
		{C7D9F81D-3585-1690-A12F-E162D0712709}.Release|Any CPU.ActiveCfg = Release|Any CPU
		{C7D9F81D-3585-1690-A12F-E162D0712709}.Release|Any CPU.Build.0 = Release|Any CPU
		{6A816861-3505-B6FA-2FB4-5D405E800FB6}.Debug|Any CPU.ActiveCfg = Debug|Any CPU
		{6A816861-3505-B6FA-2FB4-5D405E800FB6}.Debug|Any CPU.Build.0 = Debug|Any CPU
		{6A816861-3505-B6FA-2FB4-5D405E800FB6}.Release|Any CPU.ActiveCfg = Release|Any CPU
		{6A816861-3505-B6FA-2FB4-5D405E800FB6}.Release|Any CPU.Build.0 = Release|Any CPU
	EndGlobalSection
	GlobalSection(SolutionProperties) = preSolution
		HideSolutionNode = FALSE
	EndGlobalSection
EndGlobal
